// !$*UTF8*$!
{
	archiveVersion = 1;
	classes = {
	};
	objectVersion = 46;
	objects = {

/* Begin PBXBuildFile section */
		B1D4831B1A84D57900825EC3 /* AppDelegate.swift in Sources */ = {isa = PBXBuildFile; fileRef = B1D4831A1A84D57900825EC3 /* AppDelegate.swift */; };
		B1D4831D1A84D57900825EC3 /* ViewController.swift in Sources */ = {isa = PBXBuildFile; fileRef = B1D4831C1A84D57900825EC3 /* ViewController.swift */; };
		B1D483201A84D57900825EC3 /* Main.storyboard in Resources */ = {isa = PBXBuildFile; fileRef = B1D4831E1A84D57900825EC3 /* Main.storyboard */; };
		B1D483221A84D57900825EC3 /* Images.xcassets in Resources */ = {isa = PBXBuildFile; fileRef = B1D483211A84D57900825EC3 /* Images.xcassets */; };
		B1D483251A84D57900825EC3 /* LaunchScreen.xib in Resources */ = {isa = PBXBuildFile; fileRef = B1D483231A84D57900825EC3 /* LaunchScreen.xib */; };
		B1D483311A84D57900825EC3 /* TimeIntervalTests.swift in Sources */ = {isa = PBXBuildFile; fileRef = B1D483301A84D57900825EC3 /* TimeIntervalTests.swift */; };
		B1D4833D1A84D74800825EC3 /* TimeInterval+NSDate.swift in Sources */ = {isa = PBXBuildFile; fileRef = B1D4833C1A84D74800825EC3 /* TimeInterval+NSDate.swift */; };
/* End PBXBuildFile section */

/* Begin PBXContainerItemProxy section */
		B1D4832B1A84D57900825EC3 /* PBXContainerItemProxy */ = {
			isa = PBXContainerItemProxy;
			containerPortal = B1D4830D1A84D57900825EC3 /* Project object */;
			proxyType = 1;
			remoteGlobalIDString = B1D483141A84D57900825EC3;
			remoteInfo = TimeInterval;
		};
/* End PBXContainerItemProxy section */

/* Begin PBXFileReference section */
		B1D483151A84D57900825EC3 /* TimeInterval.app */ = {isa = PBXFileReference; explicitFileType = wrapper.application; includeInIndex = 0; path = TimeInterval.app; sourceTree = BUILT_PRODUCTS_DIR; };
		B1D483191A84D57900825EC3 /* Info.plist */ = {isa = PBXFileReference; lastKnownFileType = text.plist.xml; path = Info.plist; sourceTree = "<group>"; };
		B1D4831A1A84D57900825EC3 /* AppDelegate.swift */ = {isa = PBXFileReference; lastKnownFileType = sourcecode.swift; path = AppDelegate.swift; sourceTree = "<group>"; };
		B1D4831C1A84D57900825EC3 /* ViewController.swift */ = {isa = PBXFileReference; lastKnownFileType = sourcecode.swift; path = ViewController.swift; sourceTree = "<group>"; };
		B1D4831F1A84D57900825EC3 /* Base */ = {isa = PBXFileReference; lastKnownFileType = file.storyboard; name = Base; path = Base.lproj/Main.storyboard; sourceTree = "<group>"; };
		B1D483211A84D57900825EC3 /* Images.xcassets */ = {isa = PBXFileReference; lastKnownFileType = folder.assetcatalog; path = Images.xcassets; sourceTree = "<group>"; };
		B1D483241A84D57900825EC3 /* Base */ = {isa = PBXFileReference; lastKnownFileType = file.xib; name = Base; path = Base.lproj/LaunchScreen.xib; sourceTree = "<group>"; };
		B1D4832A1A84D57900825EC3 /* TimeIntervalTests.xctest */ = {isa = PBXFileReference; explicitFileType = wrapper.cfbundle; includeInIndex = 0; path = TimeIntervalTests.xctest; sourceTree = BUILT_PRODUCTS_DIR; };
		B1D4832F1A84D57900825EC3 /* Info.plist */ = {isa = PBXFileReference; lastKnownFileType = text.plist.xml; path = Info.plist; sourceTree = "<group>"; };
		B1D483301A84D57900825EC3 /* TimeIntervalTests.swift */ = {isa = PBXFileReference; lastKnownFileType = sourcecode.swift; path = TimeIntervalTests.swift; sourceTree = "<group>"; };
		B1D4833C1A84D74800825EC3 /* TimeInterval+NSDate.swift */ = {isa = PBXFileReference; fileEncoding = 4; lastKnownFileType = sourcecode.swift; name = "TimeInterval+NSDate.swift"; path = "Source/TimeInterval+NSDate.swift"; sourceTree = SOURCE_ROOT; };
/* End PBXFileReference section */

/* Begin PBXFrameworksBuildPhase section */
		B1D483121A84D57900825EC3 /* Frameworks */ = {
			isa = PBXFrameworksBuildPhase;
			buildActionMask = 2147483647;
			files = (
			);
			runOnlyForDeploymentPostprocessing = 0;
		};
		B1D483271A84D57900825EC3 /* Frameworks */ = {
			isa = PBXFrameworksBuildPhase;
			buildActionMask = 2147483647;
			files = (
			);
			runOnlyForDeploymentPostprocessing = 0;
		};
/* End PBXFrameworksBuildPhase section */

/* Begin PBXGroup section */
		B1D4830C1A84D57900825EC3 = {
			isa = PBXGroup;
			children = (
				B1D483171A84D57900825EC3 /* TimeInterval */,
				B1D4832D1A84D57900825EC3 /* TimeIntervalTests */,
				B1D483161A84D57900825EC3 /* Products */,
			);
			sourceTree = "<group>";
		};
		B1D483161A84D57900825EC3 /* Products */ = {
			isa = PBXGroup;
			children = (
				B1D483151A84D57900825EC3 /* TimeInterval.app */,
				B1D4832A1A84D57900825EC3 /* TimeIntervalTests.xctest */,
			);
			name = Products;
			sourceTree = "<group>";
		};
		B1D483171A84D57900825EC3 /* TimeInterval */ = {
			isa = PBXGroup;
			children = (
				B1D4833B1A84D66700825EC3 /* Source */,
				B1D4831A1A84D57900825EC3 /* AppDelegate.swift */,
				B1D4831C1A84D57900825EC3 /* ViewController.swift */,
				B1D4831E1A84D57900825EC3 /* Main.storyboard */,
				B1D483211A84D57900825EC3 /* Images.xcassets */,
				B1D483231A84D57900825EC3 /* LaunchScreen.xib */,
				B1D483181A84D57900825EC3 /* Supporting Files */,
			);
			path = TimeInterval;
			sourceTree = "<group>";
		};
		B1D483181A84D57900825EC3 /* Supporting Files */ = {
			isa = PBXGroup;
			children = (
				B1D483191A84D57900825EC3 /* Info.plist */,
			);
			name = "Supporting Files";
			sourceTree = "<group>";
		};
		B1D4832D1A84D57900825EC3 /* TimeIntervalTests */ = {
			isa = PBXGroup;
			children = (
				B1D483301A84D57900825EC3 /* TimeIntervalTests.swift */,
				B1D4832E1A84D57900825EC3 /* Supporting Files */,
			);
			path = TimeIntervalTests;
			sourceTree = "<group>";
		};
		B1D4832E1A84D57900825EC3 /* Supporting Files */ = {
			isa = PBXGroup;
			children = (
				B1D4832F1A84D57900825EC3 /* Info.plist */,
			);
			name = "Supporting Files";
			sourceTree = "<group>";
		};
		B1D4833B1A84D66700825EC3 /* Source */ = {
			isa = PBXGroup;
			children = (
				B1D4833C1A84D74800825EC3 /* TimeInterval+NSDate.swift */,
			);
			name = Source;
			sourceTree = "<group>";
		};
/* End PBXGroup section */

/* Begin PBXNativeTarget section */
		B1D483141A84D57900825EC3 /* TimeInterval */ = {
			isa = PBXNativeTarget;
			buildConfigurationList = B1D483341A84D57900825EC3 /* Build configuration list for PBXNativeTarget "TimeInterval" */;
			buildPhases = (
				B1D483111A84D57900825EC3 /* Sources */,
				B1D483121A84D57900825EC3 /* Frameworks */,
				B1D483131A84D57900825EC3 /* Resources */,
			);
			buildRules = (
			);
			dependencies = (
			);
			name = TimeInterval;
			productName = TimeInterval;
			productReference = B1D483151A84D57900825EC3 /* TimeInterval.app */;
			productType = "com.apple.product-type.application";
		};
		B1D483291A84D57900825EC3 /* TimeIntervalTests */ = {
			isa = PBXNativeTarget;
			buildConfigurationList = B1D483371A84D57900825EC3 /* Build configuration list for PBXNativeTarget "TimeIntervalTests" */;
			buildPhases = (
				B1D483261A84D57900825EC3 /* Sources */,
				B1D483271A84D57900825EC3 /* Frameworks */,
				B1D483281A84D57900825EC3 /* Resources */,
			);
			buildRules = (
			);
			dependencies = (
				B1D4832C1A84D57900825EC3 /* PBXTargetDependency */,
			);
			name = TimeIntervalTests;
			productName = TimeIntervalTests;
			productReference = B1D4832A1A84D57900825EC3 /* TimeIntervalTests.xctest */;
			productType = "com.apple.product-type.bundle.unit-test";
		};
/* End PBXNativeTarget section */

/* Begin PBXProject section */
		B1D4830D1A84D57900825EC3 /* Project object */ = {
			isa = PBXProject;
			attributes = {
				LastUpgradeCheck = 0620;
				ORGANIZATIONNAME = "HAYAKAWA TOMOAKI";
				TargetAttributes = {
					B1D483141A84D57900825EC3 = {
						CreatedOnToolsVersion = 6.2;
					};
					B1D483291A84D57900825EC3 = {
						CreatedOnToolsVersion = 6.2;
						TestTargetID = B1D483141A84D57900825EC3;
					};
				};
			};
			buildConfigurationList = B1D483101A84D57900825EC3 /* Build configuration list for PBXProject "TimeInterval" */;
			compatibilityVersion = "Xcode 3.2";
			developmentRegion = English;
			hasScannedForEncodings = 0;
			knownRegions = (
				en,
				Base,
			);
			mainGroup = B1D4830C1A84D57900825EC3;
			productRefGroup = B1D483161A84D57900825EC3 /* Products */;
			projectDirPath = "";
			projectRoot = "";
			targets = (
				B1D483141A84D57900825EC3 /* TimeInterval */,
				B1D483291A84D57900825EC3 /* TimeIntervalTests */,
			);
		};
/* End PBXProject section */

/* Begin PBXResourcesBuildPhase section */
		B1D483131A84D57900825EC3 /* Resources */ = {
			isa = PBXResourcesBuildPhase;
			buildActionMask = 2147483647;
			files = (
				B1D483201A84D57900825EC3 /* Main.storyboard in Resources */,
				B1D483251A84D57900825EC3 /* LaunchScreen.xib in Resources */,
				B1D483221A84D57900825EC3 /* Images.xcassets in Resources */,
			);
			runOnlyForDeploymentPostprocessing = 0;
		};
		B1D483281A84D57900825EC3 /* Resources */ = {
			isa = PBXResourcesBuildPhase;
			buildActionMask = 2147483647;
			files = (
			);
			runOnlyForDeploymentPostprocessing = 0;
		};
/* End PBXResourcesBuildPhase section */

/* Begin PBXSourcesBuildPhase section */
		B1D483111A84D57900825EC3 /* Sources */ = {
			isa = PBXSourcesBuildPhase;
			buildActionMask = 2147483647;
			files = (
				B1D4831D1A84D57900825EC3 /* ViewController.swift in Sources */,
				B1D4833D1A84D74800825EC3 /* TimeInterval+NSDate.swift in Sources */,
				B1D4831B1A84D57900825EC3 /* AppDelegate.swift in Sources */,
			);
			runOnlyForDeploymentPostprocessing = 0;
		};
		B1D483261A84D57900825EC3 /* Sources */ = {
			isa = PBXSourcesBuildPhase;
			buildActionMask = 2147483647;
			files = (
				B1D483311A84D57900825EC3 /* TimeIntervalTests.swift in Sources */,
			);
			runOnlyForDeploymentPostprocessing = 0;
		};
/* End PBXSourcesBuildPhase section */

/* Begin PBXTargetDependency section */
		B1D4832C1A84D57900825EC3 /* PBXTargetDependency */ = {
			isa = PBXTargetDependency;
			target = B1D483141A84D57900825EC3 /* TimeInterval */;
			targetProxy = B1D4832B1A84D57900825EC3 /* PBXContainerItemProxy */;
		};
/* End PBXTargetDependency section */

/* Begin PBXVariantGroup section */
		B1D4831E1A84D57900825EC3 /* Main.storyboard */ = {
			isa = PBXVariantGroup;
			children = (
				B1D4831F1A84D57900825EC3 /* Base */,
			);
			name = Main.storyboard;
			sourceTree = "<group>";
		};
		B1D483231A84D57900825EC3 /* LaunchScreen.xib */ = {
			isa = PBXVariantGroup;
			children = (
				B1D483241A84D57900825EC3 /* Base */,
			);
			name = LaunchScreen.xib;
			sourceTree = "<group>";
		};
/* End PBXVariantGroup section */

/* Begin XCBuildConfiguration section */
		B1D483321A84D57900825EC3 /* Debug */ = {
			isa = XCBuildConfiguration;
			buildSettings = {
				ALWAYS_SEARCH_USER_PATHS = NO;
				CLANG_CXX_LANGUAGE_STANDARD = "gnu++0x";
				CLANG_CXX_LIBRARY = "libc++";
				CLANG_ENABLE_MODULES = YES;
				CLANG_ENABLE_OBJC_ARC = YES;
				CLANG_WARN_BOOL_CONVERSION = YES;
				CLANG_WARN_CONSTANT_CONVERSION = YES;
				CLANG_WARN_DIRECT_OBJC_ISA_USAGE = YES_ERROR;
				CLANG_WARN_EMPTY_BODY = YES;
				CLANG_WARN_ENUM_CONVERSION = YES;
				CLANG_WARN_INT_CONVERSION = YES;
				CLANG_WARN_OBJC_ROOT_CLASS = YES_ERROR;
				CLANG_WARN_UNREACHABLE_CODE = YES;
				CLANG_WARN__DUPLICATE_METHOD_MATCH = YES;
				"CODE_SIGN_IDENTITY[sdk=iphoneos*]" = "iPhone Developer";
				COPY_PHASE_STRIP = NO;
				ENABLE_STRICT_OBJC_MSGSEND = YES;
				GCC_C_LANGUAGE_STANDARD = gnu99;
				GCC_DYNAMIC_NO_PIC = NO;
				GCC_OPTIMIZATION_LEVEL = 0;
				GCC_PREPROCESSOR_DEFINITIONS = (
					"DEBUG=1",
					"$(inherited)",
				);
				GCC_SYMBOLS_PRIVATE_EXTERN = NO;
				GCC_WARN_64_TO_32_BIT_CONVERSION = YES;
				GCC_WARN_ABOUT_RETURN_TYPE = YES_ERROR;
				GCC_WARN_UNDECLARED_SELECTOR = YES;
				GCC_WARN_UNINITIALIZED_AUTOS = YES_AGGRESSIVE;
				GCC_WARN_UNUSED_FUNCTION = YES;
				GCC_WARN_UNUSED_VARIABLE = YES;
				IPHONEOS_DEPLOYMENT_TARGET = 7.1;
				MTL_ENABLE_DEBUG_INFO = YES;
				ONLY_ACTIVE_ARCH = YES;
				SDKROOT = iphoneos;
				SWIFT_OPTIMIZATION_LEVEL = "-Onone";
				TARGETED_DEVICE_FAMILY = "1,2";
			};
			name = Debug;
		};
		B1D483331A84D57900825EC3 /* Release */ = {
			isa = XCBuildConfiguration;
			buildSettings = {
				ALWAYS_SEARCH_USER_PATHS = NO;
				CLANG_CXX_LANGUAGE_STANDARD = "gnu++0x";
				CLANG_CXX_LIBRARY = "libc++";
				CLANG_ENABLE_MODULES = YES;
				CLANG_ENABLE_OBJC_ARC = YES;
				CLANG_WARN_BOOL_CONVERSION = YES;
				CLANG_WARN_CONSTANT_CONVERSION = YES;
				CLANG_WARN_DIRECT_OBJC_ISA_USAGE = YES_ERROR;
				CLANG_WARN_EMPTY_BODY = YES;
				CLANG_WARN_ENUM_CONVERSION = YES;
				CLANG_WARN_INT_CONVERSION = YES;
				CLANG_WARN_OBJC_ROOT_CLASS = YES_ERROR;
				CLANG_WARN_UNREACHABLE_CODE = YES;
				CLANG_WARN__DUPLICATE_METHOD_MATCH = YES;
				"CODE_SIGN_IDENTITY[sdk=iphoneos*]" = "iPhone Developer";
				COPY_PHASE_STRIP = NO;
				ENABLE_NS_ASSERTIONS = NO;
				ENABLE_STRICT_OBJC_MSGSEND = YES;
				GCC_C_LANGUAGE_STANDARD = gnu99;
				GCC_WARN_64_TO_32_BIT_CONVERSION = YES;
				GCC_WARN_ABOUT_RETURN_TYPE = YES_ERROR;
				GCC_WARN_UNDECLARED_SELECTOR = YES;
				GCC_WARN_UNINITIALIZED_AUTOS = YES_AGGRESSIVE;
				GCC_WARN_UNUSED_FUNCTION = YES;
				GCC_WARN_UNUSED_VARIABLE = YES;
				IPHONEOS_DEPLOYMENT_TARGET = 7.1;
				MTL_ENABLE_DEBUG_INFO = NO;
				SDKROOT = iphoneos;
				TARGETED_DEVICE_FAMILY = "1,2";
				VALIDATE_PRODUCT = YES;
			};
			name = Release;
		};
		B1D483351A84D57900825EC3 /* Debug */ = {
			isa = XCBuildConfiguration;
			buildSettings = {
				ASSETCATALOG_COMPILER_APPICON_NAME = AppIcon;
				ASSETCATALOG_COMPILER_LAUNCHIMAGE_NAME = LaunchImage;
				INFOPLIST_FILE = TimeInterval/Info.plist;
				LD_RUNPATH_SEARCH_PATHS = "$(inherited) @executable_path/Frameworks";
				PRODUCT_NAME = "$(TARGET_NAME)";
			};
			name = Debug;
		};
		B1D483361A84D57900825EC3 /* Release */ = {
			isa = XCBuildConfiguration;
			buildSettings = {
				ASSETCATALOG_COMPILER_APPICON_NAME = AppIcon;
				ASSETCATALOG_COMPILER_LAUNCHIMAGE_NAME = LaunchImage;
				INFOPLIST_FILE = TimeInterval/Info.plist;
				LD_RUNPATH_SEARCH_PATHS = "$(inherited) @executable_path/Frameworks";
				PRODUCT_NAME = "$(TARGET_NAME)";
			};
			name = Release;
		};
		B1D483381A84D57900825EC3 /* Debug */ = {
			isa = XCBuildConfiguration;
			buildSettings = {
				BUNDLE_LOADER = "$(TEST_HOST)";
				FRAMEWORK_SEARCH_PATHS = (
					"$(SDKROOT)/Developer/Library/Frameworks",
					"$(inherited)",
				);
				GCC_PREPROCESSOR_DEFINITIONS = (
					"DEBUG=1",
					"$(inherited)",
				);
				INFOPLIST_FILE = TimeIntervalTests/Info.plist;
				LD_RUNPATH_SEARCH_PATHS = "$(inherited) @executable_path/Frameworks @loader_path/Frameworks";
				PRODUCT_NAME = "$(TARGET_NAME)";
				TEST_HOST = "$(BUILT_PRODUCTS_DIR)/TimeInterval.app/TimeInterval";
			};
			name = Debug;
		};
		B1D483391A84D57900825EC3 /* Release */ = {
			isa = XCBuildConfiguration;
			buildSettings = {
				BUNDLE_LOADER = "$(TEST_HOST)";
				FRAMEWORK_SEARCH_PATHS = (
					"$(SDKROOT)/Developer/Library/Frameworks",
					"$(inherited)",
				);
				INFOPLIST_FILE = TimeIntervalTests/Info.plist;
				LD_RUNPATH_SEARCH_PATHS = "$(inherited) @executable_path/Frameworks @loader_path/Frameworks";
				PRODUCT_NAME = "$(TARGET_NAME)";
				TEST_HOST = "$(BUILT_PRODUCTS_DIR)/TimeInterval.app/TimeInterval";
			};
			name = Release;
		};
/* End XCBuildConfiguration section */

/* Begin XCConfigurationList section */
		B1D483101A84D57900825EC3 /* Build configuration list for PBXProject "TimeInterval" */ = {
			isa = XCConfigurationList;
			buildConfigurations = (
				B1D483321A84D57900825EC3 /* Debug */,
				B1D483331A84D57900825EC3 /* Release */,
			);
			defaultConfigurationIsVisible = 0;
			defaultConfigurationName = Release;
		};
		B1D483341A84D57900825EC3 /* Build configuration list for PBXNativeTarget "TimeInterval" */ = {
			isa = XCConfigurationList;
			buildConfigurations = (
				B1D483351A84D57900825EC3 /* Debug */,
				B1D483361A84D57900825EC3 /* Release */,
			);
			defaultConfigurationIsVisible = 0;
			defaultConfigurationName = Release;
		};
		B1D483371A84D57900825EC3 /* Build configuration list for PBXNativeTarget "TimeIntervalTests" */ = {
			isa = XCConfigurationList;
			buildConfigurations = (
				B1D483381A84D57900825EC3 /* Debug */,
				B1D483391A84D57900825EC3 /* Release */,
			);
			defaultConfigurationIsVisible = 0;
			defaultConfigurationName = Release;
		};
/* End XCConfigurationList section */
	};
	rootObject = B1D4830D1A84D57900825EC3 /* Project object */;
}
